
Microsoft Visual Studio Solution File, Format Version 12.00
# Visual Studio Version 17
VisualStudioVersion = 17.6.33815.320
MinimumVisualStudioVersion = 10.0.40219.1
Project("{FAE04EC0-301F-11D3-BF4B-00C04F79EFBC}") = "calc", "calc\calc.csproj", "{2FC9A3C5-A00A-4D6C-9B88-21605DCCAD01}"
EndProject
Global
	GlobalSection(SolutionConfigurationPlatforms) = preSolution
		Debug|Any CPU = Debug|Any CPU
		Release|Any CPU = Release|Any CPU
	EndGlobalSection
	GlobalSection(ProjectConfigurationPlatforms) = postSolution
		{2FC9A3C5-A00A-4D6C-9B88-21605DCCAD01}.Debug|Any CPU.ActiveCfg = Debug|Any CPU
		{2FC9A3C5-A00A-4D6C-9B88-21605DCCAD01}.Debug|Any CPU.Build.0 = Debug|Any CPU
		{2FC9A3C5-A00A-4D6C-9B88-21605DCCAD01}.Release|Any CPU.ActiveCfg = Release|Any CPU
		{2FC9A3C5-A00A-4D6C-9B88-21605DCCAD01}.Release|Any CPU.Build.0 = Release|Any CPU
	EndGlobalSection
	GlobalSection(SolutionProperties) = preSolution
		HideSolutionNode = FALSE
	EndGlobalSection
	GlobalSection(ExtensibilityGlobals) = postSolution
		SolutionGuid = {D94C406F-7663-424A-A98D-5BABFDF04564}
	EndGlobalSection
EndGlobal
